
Microsoft Visual Studio Solution File, Format Version 12.00
# Visual Studio Version 17
VisualStudioVersion = 17.12.35527.113
MinimumVisualStudioVersion = 10.0.40219.1
Project("{9A19103F-16F7-4668-BE54-9A1E7A4F7556}") = "N5Now.Core", "N5Now.Core\N5Now.Core.csproj", "{0F91F4F7-18FB-445C-8DFA-A7EC22D40402}"
EndProject
Project("{9A19103F-16F7-4668-BE54-9A1E7A4F7556}") = "N5Now.Infrastructure", "N5Now.Infrastructure\N5Now.Infrastructure.csproj", "{9C1D60FB-9B15-4C08-ABB0-C1D216760A1B}"
EndProject
Project("{9A19103F-16F7-4668-BE54-9A1E7A4F7556}") = "N5Now.Api", "N5Now.Api\N5Now.Api.csproj", "{CE90B3D3-C2CB-40CA-B2EF-68E9E504715D}"
EndProject
Project("{FAE04EC0-301F-11D3-BF4B-00C04F79EFBC}") = "N5Now.UnitTestProject", "N5Now.UnitTestProject\N5Now.UnitTestProject.csproj", "{5212FA27-BC83-4580-AF66-12B71439B4D7}"
EndProject
Global
	GlobalSection(SolutionConfigurationPlatforms) = preSolution
		Debug|Any CPU = Debug|Any CPU
		Release|Any CPU = Release|Any CPU
	EndGlobalSection
	GlobalSection(ProjectConfigurationPlatforms) = postSolution
		{0F91F4F7-18FB-445C-8DFA-A7EC22D40402}.Debug|Any CPU.ActiveCfg = Debug|Any CPU
		{0F91F4F7-18FB-445C-8DFA-A7EC22D40402}.Debug|Any CPU.Build.0 = Debug|Any CPU
		{0F91F4F7-18FB-445C-8DFA-A7EC22D40402}.Release|Any CPU.ActiveCfg = Release|Any CPU
		{0F91F4F7-18FB-445C-8DFA-A7EC22D40402}.Release|Any CPU.Build.0 = Release|Any CPU
		{9C1D60FB-9B15-4C08-ABB0-C1D216760A1B}.Debug|Any CPU.ActiveCfg = Debug|Any CPU
		{9C1D60FB-9B15-4C08-ABB0-C1D216760A1B}.Debug|Any CPU.Build.0 = Debug|Any CPU
		{9C1D60FB-9B15-4C08-ABB0-C1D216760A1B}.Release|Any CPU.ActiveCfg = Release|Any CPU
		{9C1D60FB-9B15-4C08-ABB0-C1D216760A1B}.Release|Any CPU.Build.0 = Release|Any CPU
		{CE90B3D3-C2CB-40CA-B2EF-68E9E504715D}.Debug|Any CPU.ActiveCfg = Debug|Any CPU
		{CE90B3D3-C2CB-40CA-B2EF-68E9E504715D}.Debug|Any CPU.Build.0 = Debug|Any CPU
		{CE90B3D3-C2CB-40CA-B2EF-68E9E504715D}.Release|Any CPU.ActiveCfg = Release|Any CPU
		{CE90B3D3-C2CB-40CA-B2EF-68E9E504715D}.Release|Any CPU.Build.0 = Release|Any CPU
		{5212FA27-BC83-4580-AF66-12B71439B4D7}.Debug|Any CPU.ActiveCfg = Debug|Any CPU
		{5212FA27-BC83-4580-AF66-12B71439B4D7}.Debug|Any CPU.Build.0 = Debug|Any CPU
		{5212FA27-BC83-4580-AF66-12B71439B4D7}.Release|Any CPU.ActiveCfg = Release|Any CPU
		{5212FA27-BC83-4580-AF66-12B71439B4D7}.Release|Any CPU.Build.0 = Release|Any CPU
	EndGlobalSection
	GlobalSection(SolutionProperties) = preSolution
		HideSolutionNode = FALSE
	EndGlobalSection
	GlobalSection(ExtensibilityGlobals) = postSolution
		SolutionGuid = {D272E577-FEAF-4300-B287-F519815A2641}
	EndGlobalSection
EndGlobal
